
Microsoft Visual Studio Solution File, Format Version 12.00
# Visual Studio Version 17
VisualStudioVersion = 17.10.35013.160
MinimumVisualStudioVersion = 10.0.40219.1
Project("{9A19103F-16F7-4668-BE54-9A1E7A4F7556}") = "SOPRetailERPProAPI", "ERPRetailProAPI\SOPRetailERPProAPI.csproj", "{06C6EDEA-3C60-4B5E-A587-D6E3A9E9F8FA}"
EndProject
Project("{9A19103F-16F7-4668-BE54-9A1E7A4F7556}") = "Data", "Data\Data.csproj", "{5EA63B35-A07D-4B56-9D60-80C4F7983452}"
EndProject
Project("{9A19103F-16F7-4668-BE54-9A1E7A4F7556}") = "Services", "Services\Services.csproj", "{15D6FDD4-93D3-491D-B133-B6F5BC3A177C}"
EndProject
Project("{9A19103F-16F7-4668-BE54-9A1E7A4F7556}") = "Respositeries", "Respositeries\Respositeries.csproj", "{6FEAC719-160A-4788-987E-D6981C03EB50}"
EndProject
Project("{9A19103F-16F7-4668-BE54-9A1E7A4F7556}") = "Models", "Models\Models.csproj", "{4720C376-1AC0-40DB-9E0E-F1D9D4B7FEBA}"
EndProject
Global
	GlobalSection(SolutionConfigurationPlatforms) = preSolution
		Debug|Any CPU = Debug|Any CPU
		Release|Any CPU = Release|Any CPU
	EndGlobalSection
	GlobalSection(ProjectConfigurationPlatforms) = postSolution
		{06C6EDEA-3C60-4B5E-A587-D6E3A9E9F8FA}.Debug|Any CPU.ActiveCfg = Debug|Any CPU
		{06C6EDEA-3C60-4B5E-A587-D6E3A9E9F8FA}.Debug|Any CPU.Build.0 = Debug|Any CPU
		{06C6EDEA-3C60-4B5E-A587-D6E3A9E9F8FA}.Release|Any CPU.ActiveCfg = Release|Any CPU
		{06C6EDEA-3C60-4B5E-A587-D6E3A9E9F8FA}.Release|Any CPU.Build.0 = Release|Any CPU
		{5EA63B35-A07D-4B56-9D60-80C4F7983452}.Debug|Any CPU.ActiveCfg = Debug|Any CPU
		{5EA63B35-A07D-4B56-9D60-80C4F7983452}.Debug|Any CPU.Build.0 = Debug|Any CPU
		{5EA63B35-A07D-4B56-9D60-80C4F7983452}.Release|Any CPU.ActiveCfg = Release|Any CPU
		{5EA63B35-A07D-4B56-9D60-80C4F7983452}.Release|Any CPU.Build.0 = Release|Any CPU
		{15D6FDD4-93D3-491D-B133-B6F5BC3A177C}.Debug|Any CPU.ActiveCfg = Debug|Any CPU
		{15D6FDD4-93D3-491D-B133-B6F5BC3A177C}.Debug|Any CPU.Build.0 = Debug|Any CPU
		{15D6FDD4-93D3-491D-B133-B6F5BC3A177C}.Release|Any CPU.ActiveCfg = Release|Any CPU
		{15D6FDD4-93D3-491D-B133-B6F5BC3A177C}.Release|Any CPU.Build.0 = Release|Any CPU
		{6FEAC719-160A-4788-987E-D6981C03EB50}.Debug|Any CPU.ActiveCfg = Debug|Any CPU
		{6FEAC719-160A-4788-987E-D6981C03EB50}.Debug|Any CPU.Build.0 = Debug|Any CPU
		{6FEAC719-160A-4788-987E-D6981C03EB50}.Release|Any CPU.ActiveCfg = Release|Any CPU
		{6FEAC719-160A-4788-987E-D6981C03EB50}.Release|Any CPU.Build.0 = Release|Any CPU
		{4720C376-1AC0-40DB-9E0E-F1D9D4B7FEBA}.Debug|Any CPU.ActiveCfg = Debug|Any CPU
		{4720C376-1AC0-40DB-9E0E-F1D9D4B7FEBA}.Debug|Any CPU.Build.0 = Debug|Any CPU
		{4720C376-1AC0-40DB-9E0E-F1D9D4B7FEBA}.Release|Any CPU.ActiveCfg = Release|Any CPU
		{4720C376-1AC0-40DB-9E0E-F1D9D4B7FEBA}.Release|Any CPU.Build.0 = Release|Any CPU
	EndGlobalSection
	GlobalSection(SolutionProperties) = preSolution
		HideSolutionNode = FALSE
	EndGlobalSection
	GlobalSection(ExtensibilityGlobals) = postSolution
		SolutionGuid = {ECCAFAC9-A61C-4849-BFA5-329688CEBC3E}
	EndGlobalSection
EndGlobal
